{
  "originHash" : "d45d223d7dff4740db187724ee101747b33ac65bb23876b94a1c25ec9b055f94",
  "pins" : [
    {
      "identity" : "kingfisher",
      "kind" : "remoteSourceControl",
      "location" : "https://github.com/onevcat/Kingfisher",
      "state" : {
        "revision" : "c0940e241945e6378c01fbd45fd3815579d47ef5",
        "version" : "8.1.0"
      }
    },
    {
      "identity" : "swiftui-grid",
      "kind" : "remoteSourceControl",
      "location" : "https://github.com/spacenation/swiftui-grid",
      "state" : {
        "revision" : "623f995c6ee0e5a5ed0e104d142daeae67b0ec92",
        "version" : "1.1.0"
      }
    },
    {
      "identity" : "waterfallgrid",
      "kind" : "remoteSourceControl",
      "location" : "https://github.com/paololeonardi/WaterfallGrid",
      "state" : {
        "revision" : "c7c08652c3540adf8e48409c351879b4caea7e89",
        "version" : "1.1.0"
      }
    }
  ],
  "version" : 3
}
